
Microsoft Visual Studio Solution File, Format Version 12.00
# Visual Studio Version 17
VisualStudioVersion = 17.5.33530.505
MinimumVisualStudioVersion = 10.0.40219.1
Project("{FAE04EC0-301F-11D3-BF4B-00C04F79EFBC}") = "bai3", "bai3\bai3.csproj", "{A8038B8B-385B-4B60-B7A9-55E8714BF77F}"
EndProject
Global
	GlobalSection(SolutionConfigurationPlatforms) = preSolution
		Debug|Any CPU = Debug|Any CPU
		Release|Any CPU = Release|Any CPU
	EndGlobalSection
	GlobalSection(ProjectConfigurationPlatforms) = postSolution
		{A8038B8B-385B-4B60-B7A9-55E8714BF77F}.Debug|Any CPU.ActiveCfg = Debug|Any CPU
		{A8038B8B-385B-4B60-B7A9-55E8714BF77F}.Debug|Any CPU.Build.0 = Debug|Any CPU
		{A8038B8B-385B-4B60-B7A9-55E8714BF77F}.Release|Any CPU.ActiveCfg = Release|Any CPU
		{A8038B8B-385B-4B60-B7A9-55E8714BF77F}.Release|Any CPU.Build.0 = Release|Any CPU
	EndGlobalSection
	GlobalSection(SolutionProperties) = preSolution
		HideSolutionNode = FALSE
	EndGlobalSection
	GlobalSection(ExtensibilityGlobals) = postSolution
		SolutionGuid = {40318BEC-6D0A-49F5-A4C1-10617EBAA8DA}
	EndGlobalSection
EndGlobal
